// !$*UTF8*$!
{
	archiveVersion = 1;
	classes = {
	};
	objectVersion = 50;
	objects = {

/* Begin PBXBuildFile section */
		064D48DC9346667C28C96F18 /* libPods-instagramTests.a in Frameworks */ = {isa = PBXBuildFile; fileRef = BD2C21D69AD3771C5ABE8C86 /* libPods-instagramTests.a */; };
		0C0E048B9B30E2BCB3B2AB2E /* libPods-instagramUITests.a in Frameworks */ = {isa = PBXBuildFile; fileRef = AC13429BDE7983DEA856A461 /* libPods-instagramUITests.a */; };
		58813150F03273A03BD5D015 /* libPods-instagram.a in Frameworks */ = {isa = PBXBuildFile; fileRef = 61EE6ADB956CBC87436D3EE3 /* libPods-instagram.a */; };
		8A21C416E8E422B2DA062D09 /* libPods-instagramUITests.a in Frameworks */ = {isa = PBXBuildFile; fileRef = 7DD203E62A5A8D77BEA81B84 /* libPods-instagramUITests.a */; };
		BB1B3429E8AD6F1A432E8F8B /* libPods-instagramTests.a in Frameworks */ = {isa = PBXBuildFile; fileRef = 2B20624B3FCF505CAE758431 /* libPods-instagramTests.a */; };
		F3A2691220F2F916009CD3C2 /* AppDelegate.m in Sources */ = {isa = PBXBuildFile; fileRef = F3A2691120F2F916009CD3C2 /* AppDelegate.m */; };
		F3A2691820F2F916009CD3C2 /* Main.storyboard in Resources */ = {isa = PBXBuildFile; fileRef = F3A2691620F2F916009CD3C2 /* Main.storyboard */; };
		F3A2691A20F2F918009CD3C2 /* Assets.xcassets in Resources */ = {isa = PBXBuildFile; fileRef = F3A2691920F2F918009CD3C2 /* Assets.xcassets */; };
		F3A2691D20F2F918009CD3C2 /* LaunchScreen.storyboard in Resources */ = {isa = PBXBuildFile; fileRef = F3A2691B20F2F918009CD3C2 /* LaunchScreen.storyboard */; };
		F3A2692020F2F918009CD3C2 /* main.m in Sources */ = {isa = PBXBuildFile; fileRef = F3A2691F20F2F918009CD3C2 /* main.m */; };
		F3A2692A20F2F918009CD3C2 /* instagramTests.m in Sources */ = {isa = PBXBuildFile; fileRef = F3A2692920F2F918009CD3C2 /* instagramTests.m */; };
		F3A2693520F2F918009CD3C2 /* instagramUITests.m in Sources */ = {isa = PBXBuildFile; fileRef = F3A2693420F2F918009CD3C2 /* instagramUITests.m */; };
		F3A2694420F31967009CD3C2 /* SignInViewController.m in Sources */ = {isa = PBXBuildFile; fileRef = F3A2694320F31967009CD3C2 /* SignInViewController.m */; };
		F3A2694720F319F4009CD3C2 /* TimeLineViewController.m in Sources */ = {isa = PBXBuildFile; fileRef = F3A2694620F319F4009CD3C2 /* TimeLineViewController.m */; };
		F3A2699120F3FC87009CD3C2 /* Post.m in Sources */ = {isa = PBXBuildFile; fileRef = F3A2699020F3FC87009CD3C2 /* Post.m */; };
		F3A269A220F40127009CD3C2 /* PostCell.m in Sources */ = {isa = PBXBuildFile; fileRef = F3A269A120F40127009CD3C2 /* PostCell.m */; };
		F3A269AE20F4149F009CD3C2 /* NewPostViewController.m in Sources */ = {isa = PBXBuildFile; fileRef = F3A269AD20F4149F009CD3C2 /* NewPostViewController.m */; };
		F3A269B120F43C00009CD3C2 /* TabViewController.m in Sources */ = {isa = PBXBuildFile; fileRef = F3A269B020F43C00009CD3C2 /* TabViewController.m */; };
		F3A269B420F46C33009CD3C2 /* DetailsViewController.m in Sources */ = {isa = PBXBuildFile; fileRef = F3A269B320F46C33009CD3C2 /* DetailsViewController.m */; };
		F3A269BA20F56287009CD3C2 /* ProfileViewController.m in Sources */ = {isa = PBXBuildFile; fileRef = F3A269B920F56287009CD3C2 /* ProfileViewController.m */; };
		F3A269BD20F5842B009CD3C2 /* InfiniteScrollActivityView.m in Sources */ = {isa = PBXBuildFile; fileRef = F3A269BC20F5842B009CD3C2 /* InfiniteScrollActivityView.m */; };
		F3A269C020F5CC05009CD3C2 /* ImagePickerController.m in Sources */ = {isa = PBXBuildFile; fileRef = F3A269BF20F5CC05009CD3C2 /* ImagePickerController.m */; };
		F3A269C520F6C7A6009CD3C2 /* User.m in Sources */ = {isa = PBXBuildFile; fileRef = F3A269C420F6C7A6009CD3C2 /* User.m */; };
		FA61960317DE9A1707E53073 /* libPods-instagram.a in Frameworks */ = {isa = PBXBuildFile; fileRef = 5DABFCC955345D85CE711F66 /* libPods-instagram.a */; };
/* End PBXBuildFile section */

/* Begin PBXContainerItemProxy section */
		F3A2692620F2F918009CD3C2 /* PBXContainerItemProxy */ = {
			isa = PBXContainerItemProxy;
			containerPortal = F3A2690520F2F916009CD3C2 /* Project object */;
			proxyType = 1;
			remoteGlobalIDString = F3A2690C20F2F916009CD3C2;
			remoteInfo = instagram;
		};
		F3A2693120F2F918009CD3C2 /* PBXContainerItemProxy */ = {
			isa = PBXContainerItemProxy;
			containerPortal = F3A2690520F2F916009CD3C2 /* Project object */;
			proxyType = 1;
			remoteGlobalIDString = F3A2690C20F2F916009CD3C2;
			remoteInfo = instagram;
		};
/* End PBXContainerItemProxy section */

/* Begin PBXFileReference section */
		18CD4E0CEAF22E193742F33E /* Pods-instagramUITests.release.xcconfig */ = {isa = PBXFileReference; includeInIndex = 1; lastKnownFileType = text.xcconfig; name = "Pods-instagramUITests.release.xcconfig"; path = "Pods/Target Support Files/Pods-instagramUITests/Pods-instagramUITests.release.xcconfig"; sourceTree = "<group>"; };
		2B20624B3FCF505CAE758431 /* libPods-instagramTests.a */ = {isa = PBXFileReference; explicitFileType = archive.ar; includeInIndex = 0; path = "libPods-instagramTests.a"; sourceTree = BUILT_PRODUCTS_DIR; };
		2DA73D580FA30078889C6D42 /* Pods-instagram.release.xcconfig */ = {isa = PBXFileReference; includeInIndex = 1; lastKnownFileType = text.xcconfig; name = "Pods-instagram.release.xcconfig"; path = "Pods/Target Support Files/Pods-instagram/Pods-instagram.release.xcconfig"; sourceTree = "<group>"; };
		461C09DB4D6F425B62A3A10E /* Pods-instagramTests.debug.xcconfig */ = {isa = PBXFileReference; includeInIndex = 1; lastKnownFileType = text.xcconfig; name = "Pods-instagramTests.debug.xcconfig"; path = "Pods/Target Support Files/Pods-instagramTests/Pods-instagramTests.debug.xcconfig"; sourceTree = "<group>"; };
		489E020F862E31A0135DB7BE /* Pods-instagram.release.xcconfig */ = {isa = PBXFileReference; includeInIndex = 1; lastKnownFileType = text.xcconfig; name = "Pods-instagram.release.xcconfig"; path = "Pods/Target Support Files/Pods-instagram/Pods-instagram.release.xcconfig"; sourceTree = "<group>"; };
		5DABFCC955345D85CE711F66 /* libPods-instagram.a */ = {isa = PBXFileReference; explicitFileType = archive.ar; includeInIndex = 0; path = "libPods-instagram.a"; sourceTree = BUILT_PRODUCTS_DIR; };
		61EE6ADB956CBC87436D3EE3 /* libPods-instagram.a */ = {isa = PBXFileReference; explicitFileType = archive.ar; includeInIndex = 0; path = "libPods-instagram.a"; sourceTree = BUILT_PRODUCTS_DIR; };
		648A00662D7279A883340C26 /* Pods-instagramUITests.debug.xcconfig */ = {isa = PBXFileReference; includeInIndex = 1; lastKnownFileType = text.xcconfig; name = "Pods-instagramUITests.debug.xcconfig"; path = "Pods/Target Support Files/Pods-instagramUITests/Pods-instagramUITests.debug.xcconfig"; sourceTree = "<group>"; };
		6C01C48A8BE78E13B273170E /* Pods-instagram.debug.xcconfig */ = {isa = PBXFileReference; includeInIndex = 1; lastKnownFileType = text.xcconfig; name = "Pods-instagram.debug.xcconfig"; path = "Pods/Target Support Files/Pods-instagram/Pods-instagram.debug.xcconfig"; sourceTree = "<group>"; };
		7DD203E62A5A8D77BEA81B84 /* libPods-instagramUITests.a */ = {isa = PBXFileReference; explicitFileType = archive.ar; includeInIndex = 0; path = "libPods-instagramUITests.a"; sourceTree = BUILT_PRODUCTS_DIR; };
		92316AF7969029A66A9C544D /* Pods-instagramUITests.debug.xcconfig */ = {isa = PBXFileReference; includeInIndex = 1; lastKnownFileType = text.xcconfig; name = "Pods-instagramUITests.debug.xcconfig"; path = "Pods/Target Support Files/Pods-instagramUITests/Pods-instagramUITests.debug.xcconfig"; sourceTree = "<group>"; };
		95D8E160C9E072D01EB01B8B /* Pods-instagramTests.debug.xcconfig */ = {isa = PBXFileReference; includeInIndex = 1; lastKnownFileType = text.xcconfig; name = "Pods-instagramTests.debug.xcconfig"; path = "Pods/Target Support Files/Pods-instagramTests/Pods-instagramTests.debug.xcconfig"; sourceTree = "<group>"; };
		AC13429BDE7983DEA856A461 /* libPods-instagramUITests.a */ = {isa = PBXFileReference; explicitFileType = archive.ar; includeInIndex = 0; path = "libPods-instagramUITests.a"; sourceTree = BUILT_PRODUCTS_DIR; };
		B3388A36B2F47F76EDBFB444 /* Pods-instagramUITests.release.xcconfig */ = {isa = PBXFileReference; includeInIndex = 1; lastKnownFileType = text.xcconfig; name = "Pods-instagramUITests.release.xcconfig"; path = "Pods/Target Support Files/Pods-instagramUITests/Pods-instagramUITests.release.xcconfig"; sourceTree = "<group>"; };
		BD2C21D69AD3771C5ABE8C86 /* libPods-instagramTests.a */ = {isa = PBXFileReference; explicitFileType = archive.ar; includeInIndex = 0; path = "libPods-instagramTests.a"; sourceTree = BUILT_PRODUCTS_DIR; };
		C806FF717EB87D3BCD433D70 /* Pods-instagram.debug.xcconfig */ = {isa = PBXFileReference; includeInIndex = 1; lastKnownFileType = text.xcconfig; name = "Pods-instagram.debug.xcconfig"; path = "Pods/Target Support Files/Pods-instagram/Pods-instagram.debug.xcconfig"; sourceTree = "<group>"; };
		D56C14B81D4AF743CC77E0A7 /* Pods-instagramTests.release.xcconfig */ = {isa = PBXFileReference; includeInIndex = 1; lastKnownFileType = text.xcconfig; name = "Pods-instagramTests.release.xcconfig"; path = "Pods/Target Support Files/Pods-instagramTests/Pods-instagramTests.release.xcconfig"; sourceTree = "<group>"; };
		DC223C5D7FEF41CB4BCE90F5 /* Pods-instagramTests.release.xcconfig */ = {isa = PBXFileReference; includeInIndex = 1; lastKnownFileType = text.xcconfig; name = "Pods-instagramTests.release.xcconfig"; path = "Pods/Target Support Files/Pods-instagramTests/Pods-instagramTests.release.xcconfig"; sourceTree = "<group>"; };
		F3A2690D20F2F916009CD3C2 /* instagram.app */ = {isa = PBXFileReference; explicitFileType = wrapper.application; includeInIndex = 0; path = instagram.app; sourceTree = BUILT_PRODUCTS_DIR; };
		F3A2691020F2F916009CD3C2 /* AppDelegate.h */ = {isa = PBXFileReference; lastKnownFileType = sourcecode.c.h; path = AppDelegate.h; sourceTree = "<group>"; };
		F3A2691120F2F916009CD3C2 /* AppDelegate.m */ = {isa = PBXFileReference; lastKnownFileType = sourcecode.c.objc; path = AppDelegate.m; sourceTree = "<group>"; };
		F3A2691720F2F916009CD3C2 /* Base */ = {isa = PBXFileReference; lastKnownFileType = file.storyboard; name = Base; path = Base.lproj/Main.storyboard; sourceTree = "<group>"; };
		F3A2691920F2F918009CD3C2 /* Assets.xcassets */ = {isa = PBXFileReference; lastKnownFileType = folder.assetcatalog; path = Assets.xcassets; sourceTree = "<group>"; };
		F3A2691C20F2F918009CD3C2 /* Base */ = {isa = PBXFileReference; lastKnownFileType = file.storyboard; name = Base; path = Base.lproj/LaunchScreen.storyboard; sourceTree = "<group>"; };
		F3A2691E20F2F918009CD3C2 /* Info.plist */ = {isa = PBXFileReference; lastKnownFileType = text.plist.xml; path = Info.plist; sourceTree = "<group>"; };
		F3A2691F20F2F918009CD3C2 /* main.m */ = {isa = PBXFileReference; lastKnownFileType = sourcecode.c.objc; path = main.m; sourceTree = "<group>"; };
		F3A2692520F2F918009CD3C2 /* instagramTests.xctest */ = {isa = PBXFileReference; explicitFileType = wrapper.cfbundle; includeInIndex = 0; path = instagramTests.xctest; sourceTree = BUILT_PRODUCTS_DIR; };
		F3A2692920F2F918009CD3C2 /* instagramTests.m */ = {isa = PBXFileReference; lastKnownFileType = sourcecode.c.objc; path = instagramTests.m; sourceTree = "<group>"; };
		F3A2692B20F2F918009CD3C2 /* Info.plist */ = {isa = PBXFileReference; lastKnownFileType = text.plist.xml; path = Info.plist; sourceTree = "<group>"; };
		F3A2693020F2F918009CD3C2 /* instagramUITests.xctest */ = {isa = PBXFileReference; explicitFileType = wrapper.cfbundle; includeInIndex = 0; path = instagramUITests.xctest; sourceTree = BUILT_PRODUCTS_DIR; };
		F3A2693420F2F918009CD3C2 /* instagramUITests.m */ = {isa = PBXFileReference; lastKnownFileType = sourcecode.c.objc; path = instagramUITests.m; sourceTree = "<group>"; };
		F3A2693620F2F918009CD3C2 /* Info.plist */ = {isa = PBXFileReference; lastKnownFileType = text.plist.xml; path = Info.plist; sourceTree = "<group>"; };
		F3A2694220F31967009CD3C2 /* SignInViewController.h */ = {isa = PBXFileReference; lastKnownFileType = sourcecode.c.h; name = SignInViewController.h; path = "instagram/View Controllers/SignInViewController.h"; sourceTree = SOURCE_ROOT; };
		F3A2694320F31967009CD3C2 /* SignInViewController.m */ = {isa = PBXFileReference; lastKnownFileType = sourcecode.c.objc; name = SignInViewController.m; path = "instagram/View Controllers/SignInViewController.m"; sourceTree = SOURCE_ROOT; };
		F3A2694520F319F4009CD3C2 /* TimeLineViewController.h */ = {isa = PBXFileReference; lastKnownFileType = sourcecode.c.h; path = TimeLineViewController.h; sourceTree = "<group>"; };
		F3A2694620F319F4009CD3C2 /* TimeLineViewController.m */ = {isa = PBXFileReference; lastKnownFileType = sourcecode.c.objc; path = TimeLineViewController.m; sourceTree = "<group>"; };
		F3A2698F20F3FC87009CD3C2 /* Post.h */ = {isa = PBXFileReference; lastKnownFileType = sourcecode.c.h; path = Post.h; sourceTree = "<group>"; };
		F3A2699020F3FC87009CD3C2 /* Post.m */ = {isa = PBXFileReference; lastKnownFileType = sourcecode.c.objc; path = Post.m; sourceTree = "<group>"; };
		F3A269A020F40127009CD3C2 /* PostCell.h */ = {isa = PBXFileReference; lastKnownFileType = sourcecode.c.h; path = PostCell.h; sourceTree = "<group>"; };
		F3A269A120F40127009CD3C2 /* PostCell.m */ = {isa = PBXFileReference; lastKnownFileType = sourcecode.c.objc; path = PostCell.m; sourceTree = "<group>"; };
		F3A269AC20F4149F009CD3C2 /* NewPostViewController.h */ = {isa = PBXFileReference; lastKnownFileType = sourcecode.c.h; path = NewPostViewController.h; sourceTree = "<group>"; };
		F3A269AD20F4149F009CD3C2 /* NewPostViewController.m */ = {isa = PBXFileReference; lastKnownFileType = sourcecode.c.objc; path = NewPostViewController.m; sourceTree = "<group>"; };
		F3A269AF20F43C00009CD3C2 /* TabViewController.h */ = {isa = PBXFileReference; lastKnownFileType = sourcecode.c.h; path = TabViewController.h; sourceTree = "<group>"; };
		F3A269B020F43C00009CD3C2 /* TabViewController.m */ = {isa = PBXFileReference; lastKnownFileType = sourcecode.c.objc; path = TabViewController.m; sourceTree = "<group>"; };
		F3A269B220F46C33009CD3C2 /* DetailsViewController.h */ = {isa = PBXFileReference; lastKnownFileType = sourcecode.c.h; path = DetailsViewController.h; sourceTree = "<group>"; };
		F3A269B320F46C33009CD3C2 /* DetailsViewController.m */ = {isa = PBXFileReference; lastKnownFileType = sourcecode.c.objc; path = DetailsViewController.m; sourceTree = "<group>"; };
		F3A269B820F56287009CD3C2 /* ProfileViewController.h */ = {isa = PBXFileReference; lastKnownFileType = sourcecode.c.h; path = ProfileViewController.h; sourceTree = "<group>"; };
		F3A269B920F56287009CD3C2 /* ProfileViewController.m */ = {isa = PBXFileReference; lastKnownFileType = sourcecode.c.objc; path = ProfileViewController.m; sourceTree = "<group>"; };
		F3A269BB20F5842B009CD3C2 /* InfiniteScrollActivityView.h */ = {isa = PBXFileReference; lastKnownFileType = sourcecode.c.h; name = InfiniteScrollActivityView.h; path = instagram/Views/InfiniteScrollActivityView.h; sourceTree = SOURCE_ROOT; };
		F3A269BC20F5842B009CD3C2 /* InfiniteScrollActivityView.m */ = {isa = PBXFileReference; lastKnownFileType = sourcecode.c.objc; name = InfiniteScrollActivityView.m; path = instagram/Views/InfiniteScrollActivityView.m; sourceTree = SOURCE_ROOT; };
		F3A269BE20F5CC05009CD3C2 /* ImagePickerController.h */ = {isa = PBXFileReference; lastKnownFileType = sourcecode.c.h; path = ImagePickerController.h; sourceTree = "<group>"; };
		F3A269BF20F5CC05009CD3C2 /* ImagePickerController.m */ = {isa = PBXFileReference; lastKnownFileType = sourcecode.c.objc; path = ImagePickerController.m; sourceTree = "<group>"; };
		F3A269C320F6C7A6009CD3C2 /* User.h */ = {isa = PBXFileReference; lastKnownFileType = sourcecode.c.h; path = User.h; sourceTree = "<group>"; };
		F3A269C420F6C7A6009CD3C2 /* User.m */ = {isa = PBXFileReference; lastKnownFileType = sourcecode.c.objc; path = User.m; sourceTree = "<group>"; };
/* End PBXFileReference section */

/* Begin PBXFrameworksBuildPhase section */
		F3A2690A20F2F916009CD3C2 /* Frameworks */ = {
			isa = PBXFrameworksBuildPhase;
			buildActionMask = 2147483647;
			files = (
				58813150F03273A03BD5D015 /* libPods-instagram.a in Frameworks */,
				FA61960317DE9A1707E53073 /* libPods-instagram.a in Frameworks */,
			);
			runOnlyForDeploymentPostprocessing = 0;
		};
		F3A2692220F2F918009CD3C2 /* Frameworks */ = {
			isa = PBXFrameworksBuildPhase;
			buildActionMask = 2147483647;
			files = (
				BB1B3429E8AD6F1A432E8F8B /* libPods-instagramTests.a in Frameworks */,
				064D48DC9346667C28C96F18 /* libPods-instagramTests.a in Frameworks */,
			);
			runOnlyForDeploymentPostprocessing = 0;
		};
		F3A2692D20F2F918009CD3C2 /* Frameworks */ = {
			isa = PBXFrameworksBuildPhase;
			buildActionMask = 2147483647;
			files = (
				8A21C416E8E422B2DA062D09 /* libPods-instagramUITests.a in Frameworks */,
				0C0E048B9B30E2BCB3B2AB2E /* libPods-instagramUITests.a in Frameworks */,
			);
			runOnlyForDeploymentPostprocessing = 0;
		};
/* End PBXFrameworksBuildPhase section */

/* Begin PBXGroup section */
		4A10E2E457A787AA08462D6B /* Frameworks */ = {
			isa = PBXGroup;
			children = (
				61EE6ADB956CBC87436D3EE3 /* libPods-instagram.a */,
				2B20624B3FCF505CAE758431 /* libPods-instagramTests.a */,
				7DD203E62A5A8D77BEA81B84 /* libPods-instagramUITests.a */,
			);
			name = Frameworks;
			path = ../..;
			sourceTree = "<group>";
		};
		662A6CE09B9FFF4540933CB5 /* Pods */ = {
			isa = PBXGroup;
			children = (
				6C01C48A8BE78E13B273170E /* Pods-instagram.debug.xcconfig */,
				489E020F862E31A0135DB7BE /* Pods-instagram.release.xcconfig */,
				95D8E160C9E072D01EB01B8B /* Pods-instagramTests.debug.xcconfig */,
				DC223C5D7FEF41CB4BCE90F5 /* Pods-instagramTests.release.xcconfig */,
				648A00662D7279A883340C26 /* Pods-instagramUITests.debug.xcconfig */,
				B3388A36B2F47F76EDBFB444 /* Pods-instagramUITests.release.xcconfig */,
			);
			name = Pods;
			path = ../..;
			sourceTree = "<group>";
		};
		C2EB708D873788F2C766AA78 /* Pods */ = {
			isa = PBXGroup;
			children = (
				C806FF717EB87D3BCD433D70 /* Pods-instagram.debug.xcconfig */,
				2DA73D580FA30078889C6D42 /* Pods-instagram.release.xcconfig */,
				461C09DB4D6F425B62A3A10E /* Pods-instagramTests.debug.xcconfig */,
				D56C14B81D4AF743CC77E0A7 /* Pods-instagramTests.release.xcconfig */,
				92316AF7969029A66A9C544D /* Pods-instagramUITests.debug.xcconfig */,
				18CD4E0CEAF22E193742F33E /* Pods-instagramUITests.release.xcconfig */,
			);
			name = Pods;
			sourceTree = "<group>";
		};
		E6771989C84095F2E6A3ABEB /* Frameworks */ = {
			isa = PBXGroup;
			children = (
				5DABFCC955345D85CE711F66 /* libPods-instagram.a */,
				BD2C21D69AD3771C5ABE8C86 /* libPods-instagramTests.a */,
				AC13429BDE7983DEA856A461 /* libPods-instagramUITests.a */,
			);
			name = Frameworks;
			sourceTree = "<group>";
		};
		F3A2690420F2F916009CD3C2 = {
			isa = PBXGroup;
			children = (
				F3A2690F20F2F916009CD3C2 /* instagram */,
				C2EB708D873788F2C766AA78 /* Pods */,
				E6771989C84095F2E6A3ABEB /* Frameworks */,
			);
			sourceTree = "<group>";
		};
		F3A2690E20F2F916009CD3C2 /* Products */ = {
			isa = PBXGroup;
			children = (
				F3A2690D20F2F916009CD3C2 /* instagram.app */,
				F3A2692520F2F918009CD3C2 /* instagramTests.xctest */,
				F3A2693020F2F918009CD3C2 /* instagramUITests.xctest */,
			);
			name = Products;
			path = ../..;
			sourceTree = "<group>";
		};
		F3A2690F20F2F916009CD3C2 /* instagram */ = {
			isa = PBXGroup;
			children = (
				F3A2691B20F2F918009CD3C2 /* LaunchScreen.storyboard */,
				F3A2691620F2F916009CD3C2 /* Main.storyboard */,
				F3A2691020F2F916009CD3C2 /* AppDelegate.h */,
				F3A2691120F2F916009CD3C2 /* AppDelegate.m */,
				F3A2699A20F3FF92009CD3C2 /* Views */,
				F3A2699720F3FF67009CD3C2 /* View Controllers */,
				F3A2699620F3FF58009CD3C2 /* Models */,
				F3A2691920F2F918009CD3C2 /* Assets.xcassets */,
				F3A2691E20F2F918009CD3C2 /* Info.plist */,
				F3A2691F20F2F918009CD3C2 /* main.m */,
				F3A2699C20F3FFC2009CD3C2 /* Misc */,
			);
			path = instagram;
			sourceTree = "<group>";
		};
		F3A2692820F2F918009CD3C2 /* instagramTests */ = {
			isa = PBXGroup;
			children = (
				F3A2692920F2F918009CD3C2 /* instagramTests.m */,
				F3A2692B20F2F918009CD3C2 /* Info.plist */,
			);
			path = instagramTests;
			sourceTree = "<group>";
		};
		F3A2693320F2F918009CD3C2 /* instagramUITests */ = {
			isa = PBXGroup;
			children = (
				F3A2693420F2F918009CD3C2 /* instagramUITests.m */,
				F3A2693620F2F918009CD3C2 /* Info.plist */,
			);
			path = instagramUITests;
			sourceTree = "<group>";
		};
		F3A2699620F3FF58009CD3C2 /* Models */ = {
			isa = PBXGroup;
			children = (
				F3A2698F20F3FC87009CD3C2 /* Post.h */,
				F3A2699020F3FC87009CD3C2 /* Post.m */,
				F3A269C320F6C7A6009CD3C2 /* User.h */,
				F3A269C420F6C7A6009CD3C2 /* User.m */,
			);
			path = Models;
			sourceTree = "<group>";
		};
		F3A2699720F3FF67009CD3C2 /* View Controllers */ = {
			isa = PBXGroup;
			children = (
				F3A269B820F56287009CD3C2 /* ProfileViewController.h */,
				F3A269B920F56287009CD3C2 /* ProfileViewController.m */,
				F3A269B220F46C33009CD3C2 /* DetailsViewController.h */,
				F3A269B320F46C33009CD3C2 /* DetailsViewController.m */,
				F3A269AF20F43C00009CD3C2 /* TabViewController.h */,
				F3A269B020F43C00009CD3C2 /* TabViewController.m */,
				F3A269AC20F4149F009CD3C2 /* NewPostViewController.h */,
				F3A269AD20F4149F009CD3C2 /* NewPostViewController.m */,
				F3A269BE20F5CC05009CD3C2 /* ImagePickerController.h */,
				F3A269BF20F5CC05009CD3C2 /* ImagePickerController.m */,
				F3A2694220F31967009CD3C2 /* SignInViewController.h */,
				F3A2694320F31967009CD3C2 /* SignInViewController.m */,
				F3A2694620F319F4009CD3C2 /* TimeLineViewController.m */,
				F3A2694520F319F4009CD3C2 /* TimeLineViewController.h */,
			);
			path = "View Controllers";
			sourceTree = "<group>";
		};
		F3A2699A20F3FF92009CD3C2 /* Views */ = {
			isa = PBXGroup;
			children = (
				F3A269A020F40127009CD3C2 /* PostCell.h */,
				F3A269BB20F5842B009CD3C2 /* InfiniteScrollActivityView.h */,
				F3A269BC20F5842B009CD3C2 /* InfiniteScrollActivityView.m */,
				F3A269A120F40127009CD3C2 /* PostCell.m */,
			);
			path = Views;
			sourceTree = "<group>";
		};
		F3A2699C20F3FFC2009CD3C2 /* Misc */ = {
			isa = PBXGroup;
			children = (
				662A6CE09B9FFF4540933CB5 /* Pods */,
				4A10E2E457A787AA08462D6B /* Frameworks */,
				F3A2692820F2F918009CD3C2 /* instagramTests */,
				F3A2693320F2F918009CD3C2 /* instagramUITests */,
				F3A2690E20F2F916009CD3C2 /* Products */,
			);
			path = Misc;
			sourceTree = "<group>";
		};
/* End PBXGroup section */

/* Begin PBXNativeTarget section */
		F3A2690C20F2F916009CD3C2 /* instagram */ = {
			isa = PBXNativeTarget;
			buildConfigurationList = F3A2693920F2F918009CD3C2 /* Build configuration list for PBXNativeTarget "instagram" */;
			buildPhases = (
				1218CAD1C39150A447297D94 /* [CP] Check Pods Manifest.lock */,
				F3A2690920F2F916009CD3C2 /* Sources */,
				F3A2690A20F2F916009CD3C2 /* Frameworks */,
				F3A2690B20F2F916009CD3C2 /* Resources */,
				2069E201948273EE1C286FE3 /* [CP] Copy Pods Resources */,
			);
			buildRules = (
			);
			dependencies = (
			);
			name = instagram;
			productName = instagram;
			productReference = F3A2690D20F2F916009CD3C2 /* instagram.app */;
			productType = "com.apple.product-type.application";
		};
		F3A2692420F2F918009CD3C2 /* instagramTests */ = {
			isa = PBXNativeTarget;
			buildConfigurationList = F3A2693C20F2F918009CD3C2 /* Build configuration list for PBXNativeTarget "instagramTests" */;
			buildPhases = (
				FE8275FCDB05E40E1D2F509E /* [CP] Check Pods Manifest.lock */,
				F3A2692120F2F918009CD3C2 /* Sources */,
				F3A2692220F2F918009CD3C2 /* Frameworks */,
				F3A2692320F2F918009CD3C2 /* Resources */,
			);
			buildRules = (
			);
			dependencies = (
				F3A2692720F2F918009CD3C2 /* PBXTargetDependency */,
			);
			name = instagramTests;
			productName = instagramTests;
			productReference = F3A2692520F2F918009CD3C2 /* instagramTests.xctest */;
			productType = "com.apple.product-type.bundle.unit-test";
		};
		F3A2692F20F2F918009CD3C2 /* instagramUITests */ = {
			isa = PBXNativeTarget;
			buildConfigurationList = F3A2693F20F2F918009CD3C2 /* Build configuration list for PBXNativeTarget "instagramUITests" */;
			buildPhases = (
				811579B66DA4FBAFBA6D10E0 /* [CP] Check Pods Manifest.lock */,
				F3A2692C20F2F918009CD3C2 /* Sources */,
				F3A2692D20F2F918009CD3C2 /* Frameworks */,
				F3A2692E20F2F918009CD3C2 /* Resources */,
			);
			buildRules = (
			);
			dependencies = (
				F3A2693220F2F918009CD3C2 /* PBXTargetDependency */,
			);
			name = instagramUITests;
			productName = instagramUITests;
			productReference = F3A2693020F2F918009CD3C2 /* instagramUITests.xctest */;
			productType = "com.apple.product-type.bundle.ui-testing";
		};
/* End PBXNativeTarget section */

/* Begin PBXProject section */
		F3A2690520F2F916009CD3C2 /* Project object */ = {
			isa = PBXProject;
			attributes = {
				LastUpgradeCheck = 0940;
				ORGANIZATIONNAME = "Emily Schussheim";
				TargetAttributes = {
					F3A2690C20F2F916009CD3C2 = {
						CreatedOnToolsVersion = 9.4.1;
					};
					F3A2692420F2F918009CD3C2 = {
						CreatedOnToolsVersion = 9.4.1;
						TestTargetID = F3A2690C20F2F916009CD3C2;
					};
					F3A2692F20F2F918009CD3C2 = {
						CreatedOnToolsVersion = 9.4.1;
						TestTargetID = F3A2690C20F2F916009CD3C2;
					};
				};
			};
			buildConfigurationList = F3A2690820F2F916009CD3C2 /* Build configuration list for PBXProject "instagram" */;
			compatibilityVersion = "Xcode 9.3";
			developmentRegion = en;
			hasScannedForEncodings = 0;
			knownRegions = (
				en,
				Base,
			);
			mainGroup = F3A2690420F2F916009CD3C2;
			productRefGroup = F3A2690E20F2F916009CD3C2 /* Products */;
			projectDirPath = "";
			projectRoot = "";
			targets = (
				F3A2690C20F2F916009CD3C2 /* instagram */,
				F3A2692420F2F918009CD3C2 /* instagramTests */,
				F3A2692F20F2F918009CD3C2 /* instagramUITests */,
			);
		};
/* End PBXProject section */

/* Begin PBXResourcesBuildPhase section */
		F3A2690B20F2F916009CD3C2 /* Resources */ = {
			isa = PBXResourcesBuildPhase;
			buildActionMask = 2147483647;
			files = (
				F3A2691D20F2F918009CD3C2 /* LaunchScreen.storyboard in Resources */,
				F3A2691A20F2F918009CD3C2 /* Assets.xcassets in Resources */,
				F3A2691820F2F916009CD3C2 /* Main.storyboard in Resources */,
			);
			runOnlyForDeploymentPostprocessing = 0;
		};
		F3A2692320F2F918009CD3C2 /* Resources */ = {
			isa = PBXResourcesBuildPhase;
			buildActionMask = 2147483647;
			files = (
			);
			runOnlyForDeploymentPostprocessing = 0;
		};
		F3A2692E20F2F918009CD3C2 /* Resources */ = {
			isa = PBXResourcesBuildPhase;
			buildActionMask = 2147483647;
			files = (
			);
			runOnlyForDeploymentPostprocessing = 0;
		};
/* End PBXResourcesBuildPhase section */

/* Begin PBXShellScriptBuildPhase section */
		1218CAD1C39150A447297D94 /* [CP] Check Pods Manifest.lock */ = {
			isa = PBXShellScriptBuildPhase;
			buildActionMask = 2147483647;
			files = (
			);
			inputPaths = (
				"${PODS_PODFILE_DIR_PATH}/Podfile.lock",
				"${PODS_ROOT}/Manifest.lock",
			);
			name = "[CP] Check Pods Manifest.lock";
			outputPaths = (
				"$(DERIVED_FILE_DIR)/Pods-instagram-checkManifestLockResult.txt",
			);
			runOnlyForDeploymentPostprocessing = 0;
			shellPath = /bin/sh;
			shellScript = "diff \"${PODS_PODFILE_DIR_PATH}/Podfile.lock\" \"${PODS_ROOT}/Manifest.lock\" > /dev/null\nif [ $? != 0 ] ; then\n    # print error to STDERR\n    echo \"error: The sandbox is not in sync with the Podfile.lock. Run 'pod install' or update your CocoaPods installation.\" >&2\n    exit 1\nfi\n# This output is used by Xcode 'outputs' to avoid re-running this script phase.\necho \"SUCCESS\" > \"${SCRIPT_OUTPUT_FILE_0}\"\n";
			showEnvVarsInLog = 0;
		};
		2069E201948273EE1C286FE3 /* [CP] Copy Pods Resources */ = {
			isa = PBXShellScriptBuildPhase;
			buildActionMask = 2147483647;
			files = (
			);
			inputPaths = (
				"${SRCROOT}/Pods/Target Support Files/Pods-instagram/Pods-instagram-resources.sh",
				"${PODS_ROOT}/DateTools/DateTools/DateTools/DateTools.bundle",
				"${PODS_ROOT}/NSDate+TimeAgo/NSDateTimeAgo.bundle",
				"${PODS_CONFIGURATION_BUILD_DIR}/Parse/Parse.bundle",
			);
			name = "[CP] Copy Pods Resources";
			outputPaths = (
				"${TARGET_BUILD_DIR}/${UNLOCALIZED_RESOURCES_FOLDER_PATH}/DateTools.bundle",
				"${TARGET_BUILD_DIR}/${UNLOCALIZED_RESOURCES_FOLDER_PATH}/NSDateTimeAgo.bundle",
				"${TARGET_BUILD_DIR}/${UNLOCALIZED_RESOURCES_FOLDER_PATH}/Parse.bundle",
			);
			runOnlyForDeploymentPostprocessing = 0;
			shellPath = /bin/sh;
			shellScript = "\"${SRCROOT}/Pods/Target Support Files/Pods-instagram/Pods-instagram-resources.sh\"\n";
			showEnvVarsInLog = 0;
		};
		811579B66DA4FBAFBA6D10E0 /* [CP] Check Pods Manifest.lock */ = {
			isa = PBXShellScriptBuildPhase;
			buildActionMask = 2147483647;
			files = (
			);
			inputPaths = (
				"${PODS_PODFILE_DIR_PATH}/Podfile.lock",
				"${PODS_ROOT}/Manifest.lock",
			);
			name = "[CP] Check Pods Manifest.lock";
			outputPaths = (
				"$(DERIVED_FILE_DIR)/Pods-instagramUITests-checkManifestLockResult.txt",
			);
			runOnlyForDeploymentPostprocessing = 0;
			shellPath = /bin/sh;
			shellScript = "diff \"${PODS_PODFILE_DIR_PATH}/Podfile.lock\" \"${PODS_ROOT}/Manifest.lock\" > /dev/null\nif [ $? != 0 ] ; then\n    # print error to STDERR\n    echo \"error: The sandbox is not in sync with the Podfile.lock. Run 'pod install' or update your CocoaPods installation.\" >&2\n    exit 1\nfi\n# This output is used by Xcode 'outputs' to avoid re-running this script phase.\necho \"SUCCESS\" > \"${SCRIPT_OUTPUT_FILE_0}\"\n";
			showEnvVarsInLog = 0;
		};
		FE8275FCDB05E40E1D2F509E /* [CP] Check Pods Manifest.lock */ = {
			isa = PBXShellScriptBuildPhase;
			buildActionMask = 2147483647;
			files = (
			);
			inputPaths = (
				"${PODS_PODFILE_DIR_PATH}/Podfile.lock",
				"${PODS_ROOT}/Manifest.lock",
			);
			name = "[CP] Check Pods Manifest.lock";
			outputPaths = (
				"$(DERIVED_FILE_DIR)/Pods-instagramTests-checkManifestLockResult.txt",
			);
			runOnlyForDeploymentPostprocessing = 0;
			shellPath = /bin/sh;
			shellScript = "diff \"${PODS_PODFILE_DIR_PATH}/Podfile.lock\" \"${PODS_ROOT}/Manifest.lock\" > /dev/null\nif [ $? != 0 ] ; then\n    # print error to STDERR\n    echo \"error: The sandbox is not in sync with the Podfile.lock. Run 'pod install' or update your CocoaPods installation.\" >&2\n    exit 1\nfi\n# This output is used by Xcode 'outputs' to avoid re-running this script phase.\necho \"SUCCESS\" > \"${SCRIPT_OUTPUT_FILE_0}\"\n";
			showEnvVarsInLog = 0;
		};
/* End PBXShellScriptBuildPhase section */

/* Begin PBXSourcesBuildPhase section */
		F3A2690920F2F916009CD3C2 /* Sources */ = {
			isa = PBXSourcesBuildPhase;
			buildActionMask = 2147483647;
			files = (
				F3A269C520F6C7A6009CD3C2 /* User.m in Sources */,
				F3A269AE20F4149F009CD3C2 /* NewPostViewController.m in Sources */,
				F3A2699120F3FC87009CD3C2 /* Post.m in Sources */,
				F3A2694420F31967009CD3C2 /* SignInViewController.m in Sources */,
				F3A269C020F5CC05009CD3C2 /* ImagePickerController.m in Sources */,
				F3A2692020F2F918009CD3C2 /* main.m in Sources */,
				F3A269BA20F56287009CD3C2 /* ProfileViewController.m in Sources */,
				F3A269B120F43C00009CD3C2 /* TabViewController.m in Sources */,
				F3A2691220F2F916009CD3C2 /* AppDelegate.m in Sources */,
				F3A269B420F46C33009CD3C2 /* DetailsViewController.m in Sources */,
				F3A269BD20F5842B009CD3C2 /* InfiniteScrollActivityView.m in Sources */,
				F3A2694720F319F4009CD3C2 /* TimeLineViewController.m in Sources */,
				F3A269A220F40127009CD3C2 /* PostCell.m in Sources */,
			);
			runOnlyForDeploymentPostprocessing = 0;
		};
		F3A2692120F2F918009CD3C2 /* Sources */ = {
			isa = PBXSourcesBuildPhase;
			buildActionMask = 2147483647;
			files = (
				F3A2692A20F2F918009CD3C2 /* instagramTests.m in Sources */,
			);
			runOnlyForDeploymentPostprocessing = 0;
		};
		F3A2692C20F2F918009CD3C2 /* Sources */ = {
			isa = PBXSourcesBuildPhase;
			buildActionMask = 2147483647;
			files = (
				F3A2693520F2F918009CD3C2 /* instagramUITests.m in Sources */,
			);
			runOnlyForDeploymentPostprocessing = 0;
		};
/* End PBXSourcesBuildPhase section */

/* Begin PBXTargetDependency section */
		F3A2692720F2F918009CD3C2 /* PBXTargetDependency */ = {
			isa = PBXTargetDependency;
			target = F3A2690C20F2F916009CD3C2 /* instagram */;
			targetProxy = F3A2692620F2F918009CD3C2 /* PBXContainerItemProxy */;
		};
		F3A2693220F2F918009CD3C2 /* PBXTargetDependency */ = {
			isa = PBXTargetDependency;
			target = F3A2690C20F2F916009CD3C2 /* instagram */;
			targetProxy = F3A2693120F2F918009CD3C2 /* PBXContainerItemProxy */;
		};
/* End PBXTargetDependency section */

/* Begin PBXVariantGroup section */
		F3A2691620F2F916009CD3C2 /* Main.storyboard */ = {
			isa = PBXVariantGroup;
			children = (
				F3A2691720F2F916009CD3C2 /* Base */,
			);
			name = Main.storyboard;
			sourceTree = "<group>";
		};
		F3A2691B20F2F918009CD3C2 /* LaunchScreen.storyboard */ = {
			isa = PBXVariantGroup;
			children = (
				F3A2691C20F2F918009CD3C2 /* Base */,
			);
			name = LaunchScreen.storyboard;
			sourceTree = "<group>";
		};
/* End PBXVariantGroup section */

/* Begin XCBuildConfiguration section */
		F3A2693720F2F918009CD3C2 /* Debug */ = {
			isa = XCBuildConfiguration;
			buildSettings = {
				ALWAYS_SEARCH_USER_PATHS = NO;
				CLANG_ANALYZER_NONNULL = YES;
				CLANG_ANALYZER_NUMBER_OBJECT_CONVERSION = YES_AGGRESSIVE;
				CLANG_CXX_LANGUAGE_STANDARD = "gnu++14";
				CLANG_CXX_LIBRARY = "libc++";
				CLANG_ENABLE_MODULES = YES;
				CLANG_ENABLE_OBJC_ARC = YES;
				CLANG_ENABLE_OBJC_WEAK = YES;
				CLANG_WARN_BLOCK_CAPTURE_AUTORELEASING = YES;
				CLANG_WARN_BOOL_CONVERSION = YES;
				CLANG_WARN_COMMA = YES;
				CLANG_WARN_CONSTANT_CONVERSION = YES;
				CLANG_WARN_DEPRECATED_OBJC_IMPLEMENTATIONS = YES;
				CLANG_WARN_DIRECT_OBJC_ISA_USAGE = YES_ERROR;
				CLANG_WARN_DOCUMENTATION_COMMENTS = YES;
				CLANG_WARN_EMPTY_BODY = YES;
				CLANG_WARN_ENUM_CONVERSION = YES;
				CLANG_WARN_INFINITE_RECURSION = YES;
				CLANG_WARN_INT_CONVERSION = YES;
				CLANG_WARN_NON_LITERAL_NULL_CONVERSION = YES;
				CLANG_WARN_OBJC_IMPLICIT_RETAIN_SELF = YES;
				CLANG_WARN_OBJC_LITERAL_CONVERSION = YES;
				CLANG_WARN_OBJC_ROOT_CLASS = YES_ERROR;
				CLANG_WARN_RANGE_LOOP_ANALYSIS = YES;
				CLANG_WARN_STRICT_PROTOTYPES = YES;
				CLANG_WARN_SUSPICIOUS_MOVE = YES;
				CLANG_WARN_UNGUARDED_AVAILABILITY = YES_AGGRESSIVE;
				CLANG_WARN_UNREACHABLE_CODE = YES;
				CLANG_WARN__DUPLICATE_METHOD_MATCH = YES;
				CODE_SIGN_IDENTITY = "iPhone Developer";
				COPY_PHASE_STRIP = NO;
				DEBUG_INFORMATION_FORMAT = dwarf;
				ENABLE_STRICT_OBJC_MSGSEND = YES;
				ENABLE_TESTABILITY = YES;
				GCC_C_LANGUAGE_STANDARD = gnu11;
				GCC_DYNAMIC_NO_PIC = NO;
				GCC_NO_COMMON_BLOCKS = YES;
				GCC_OPTIMIZATION_LEVEL = 0;
				GCC_PREPROCESSOR_DEFINITIONS = (
					"DEBUG=1",
					"$(inherited)",
				);
				GCC_WARN_64_TO_32_BIT_CONVERSION = YES;
				GCC_WARN_ABOUT_RETURN_TYPE = YES_ERROR;
				GCC_WARN_UNDECLARED_SELECTOR = YES;
				GCC_WARN_UNINITIALIZED_AUTOS = YES_AGGRESSIVE;
				GCC_WARN_UNUSED_FUNCTION = YES;
				GCC_WARN_UNUSED_VARIABLE = YES;
				IPHONEOS_DEPLOYMENT_TARGET = 11.4;
				MTL_ENABLE_DEBUG_INFO = YES;
				ONLY_ACTIVE_ARCH = YES;
				SDKROOT = iphoneos;
			};
			name = Debug;
		};
		F3A2693820F2F918009CD3C2 /* Release */ = {
			isa = XCBuildConfiguration;
			buildSettings = {
				ALWAYS_SEARCH_USER_PATHS = NO;
				CLANG_ANALYZER_NONNULL = YES;
				CLANG_ANALYZER_NUMBER_OBJECT_CONVERSION = YES_AGGRESSIVE;
				CLANG_CXX_LANGUAGE_STANDARD = "gnu++14";
				CLANG_CXX_LIBRARY = "libc++";
				CLANG_ENABLE_MODULES = YES;
				CLANG_ENABLE_OBJC_ARC = YES;
				CLANG_ENABLE_OBJC_WEAK = YES;
				CLANG_WARN_BLOCK_CAPTURE_AUTORELEASING = YES;
				CLANG_WARN_BOOL_CONVERSION = YES;
				CLANG_WARN_COMMA = YES;
				CLANG_WARN_CONSTANT_CONVERSION = YES;
				CLANG_WARN_DEPRECATED_OBJC_IMPLEMENTATIONS = YES;
				CLANG_WARN_DIRECT_OBJC_ISA_USAGE = YES_ERROR;
				CLANG_WARN_DOCUMENTATION_COMMENTS = YES;
				CLANG_WARN_EMPTY_BODY = YES;
				CLANG_WARN_ENUM_CONVERSION = YES;
				CLANG_WARN_INFINITE_RECURSION = YES;
				CLANG_WARN_INT_CONVERSION = YES;
				CLANG_WARN_NON_LITERAL_NULL_CONVERSION = YES;
				CLANG_WARN_OBJC_IMPLICIT_RETAIN_SELF = YES;
				CLANG_WARN_OBJC_LITERAL_CONVERSION = YES;
				CLANG_WARN_OBJC_ROOT_CLASS = YES_ERROR;
				CLANG_WARN_RANGE_LOOP_ANALYSIS = YES;
				CLANG_WARN_STRICT_PROTOTYPES = YES;
				CLANG_WARN_SUSPICIOUS_MOVE = YES;
				CLANG_WARN_UNGUARDED_AVAILABILITY = YES_AGGRESSIVE;
				CLANG_WARN_UNREACHABLE_CODE = YES;
				CLANG_WARN__DUPLICATE_METHOD_MATCH = YES;
				CODE_SIGN_IDENTITY = "iPhone Developer";
				COPY_PHASE_STRIP = NO;
				DEBUG_INFORMATION_FORMAT = "dwarf-with-dsym";
				ENABLE_NS_ASSERTIONS = NO;
				ENABLE_STRICT_OBJC_MSGSEND = YES;
				GCC_C_LANGUAGE_STANDARD = gnu11;
				GCC_NO_COMMON_BLOCKS = YES;
				GCC_WARN_64_TO_32_BIT_CONVERSION = YES;
				GCC_WARN_ABOUT_RETURN_TYPE = YES_ERROR;
				GCC_WARN_UNDECLARED_SELECTOR = YES;
				GCC_WARN_UNINITIALIZED_AUTOS = YES_AGGRESSIVE;
				GCC_WARN_UNUSED_FUNCTION = YES;
				GCC_WARN_UNUSED_VARIABLE = YES;
				IPHONEOS_DEPLOYMENT_TARGET = 11.4;
				MTL_ENABLE_DEBUG_INFO = NO;
				SDKROOT = iphoneos;
				VALIDATE_PRODUCT = YES;
			};
			name = Release;
		};
		F3A2693A20F2F918009CD3C2 /* Debug */ = {
			isa = XCBuildConfiguration;
			baseConfigurationReference = 6C01C48A8BE78E13B273170E /* Pods-instagram.debug.xcconfig */;
			buildSettings = {
				ASSETCATALOG_COMPILER_APPICON_NAME = AppIcon;
				CODE_SIGN_STYLE = Automatic;
				INFOPLIST_FILE = instagram/Info.plist;
				LD_RUNPATH_SEARCH_PATHS = (
					"$(inherited)",
					"@executable_path/Frameworks",
				);
				PRODUCT_BUNDLE_IDENTIFIER = emilyschussheim.instagram;
				PRODUCT_NAME = "$(TARGET_NAME)";
				TARGETED_DEVICE_FAMILY = "1,2";
			};
			name = Debug;
		};
		F3A2693B20F2F918009CD3C2 /* Release */ = {
			isa = XCBuildConfiguration;
			baseConfigurationReference = 489E020F862E31A0135DB7BE /* Pods-instagram.release.xcconfig */;
			buildSettings = {
				ASSETCATALOG_COMPILER_APPICON_NAME = AppIcon;
				CODE_SIGN_STYLE = Automatic;
				INFOPLIST_FILE = instagram/Info.plist;
				LD_RUNPATH_SEARCH_PATHS = (
					"$(inherited)",
					"@executable_path/Frameworks",
				);
				PRODUCT_BUNDLE_IDENTIFIER = emilyschussheim.instagram;
				PRODUCT_NAME = "$(TARGET_NAME)";
				TARGETED_DEVICE_FAMILY = "1,2";
			};
			name = Release;
		};
		F3A2693D20F2F918009CD3C2 /* Debug */ = {
			isa = XCBuildConfiguration;
			baseConfigurationReference = 95D8E160C9E072D01EB01B8B /* Pods-instagramTests.debug.xcconfig */;
			buildSettings = {
				BUNDLE_LOADER = "$(TEST_HOST)";
				CODE_SIGN_STYLE = Automatic;
				INFOPLIST_FILE = instagramTests/Info.plist;
				LD_RUNPATH_SEARCH_PATHS = (
					"$(inherited)",
					"@executable_path/Frameworks",
					"@loader_path/Frameworks",
				);
				PRODUCT_BUNDLE_IDENTIFIER = emilyschussheim.instagramTests;
				PRODUCT_NAME = "$(TARGET_NAME)";
				TARGETED_DEVICE_FAMILY = "1,2";
				TEST_HOST = "$(BUILT_PRODUCTS_DIR)/instagram.app/instagram";
			};
			name = Debug;
		};
		F3A2693E20F2F918009CD3C2 /* Release */ = {
			isa = XCBuildConfiguration;
			baseConfigurationReference = DC223C5D7FEF41CB4BCE90F5 /* Pods-instagramTests.release.xcconfig */;
			buildSettings = {
				BUNDLE_LOADER = "$(TEST_HOST)";
				CODE_SIGN_STYLE = Automatic;
				INFOPLIST_FILE = instagramTests/Info.plist;
				LD_RUNPATH_SEARCH_PATHS = (
					"$(inherited)",
					"@executable_path/Frameworks",
					"@loader_path/Frameworks",
				);
				PRODUCT_BUNDLE_IDENTIFIER = emilyschussheim.instagramTests;
				PRODUCT_NAME = "$(TARGET_NAME)";
				TARGETED_DEVICE_FAMILY = "1,2";
				TEST_HOST = "$(BUILT_PRODUCTS_DIR)/instagram.app/instagram";
			};
			name = Release;
		};
		F3A2694020F2F918009CD3C2 /* Debug */ = {
			isa = XCBuildConfiguration;
			baseConfigurationReference = 648A00662D7279A883340C26 /* Pods-instagramUITests.debug.xcconfig */;
			buildSettings = {
				CODE_SIGN_STYLE = Automatic;
				INFOPLIST_FILE = instagramUITests/Info.plist;
				LD_RUNPATH_SEARCH_PATHS = (
					"$(inherited)",
					"@executable_path/Frameworks",
					"@loader_path/Frameworks",
				);
				PRODUCT_BUNDLE_IDENTIFIER = emilyschussheim.instagramUITests;
				PRODUCT_NAME = "$(TARGET_NAME)";
				TARGETED_DEVICE_FAMILY = "1,2";
				TEST_TARGET_NAME = instagram;
			};
			name = Debug;
		};
		F3A2694120F2F918009CD3C2 /* Release */ = {
			isa = XCBuildConfiguration;
			baseConfigurationReference = B3388A36B2F47F76EDBFB444 /* Pods-instagramUITests.release.xcconfig */;
			buildSettings = {
				CODE_SIGN_STYLE = Automatic;
				INFOPLIST_FILE = instagramUITests/Info.plist;
				LD_RUNPATH_SEARCH_PATHS = (
					"$(inherited)",
					"@executable_path/Frameworks",
					"@loader_path/Frameworks",
				);
				PRODUCT_BUNDLE_IDENTIFIER = emilyschussheim.instagramUITests;
				PRODUCT_NAME = "$(TARGET_NAME)";
				TARGETED_DEVICE_FAMILY = "1,2";
				TEST_TARGET_NAME = instagram;
			};
			name = Release;
		};
/* End XCBuildConfiguration section */

/* Begin XCConfigurationList section */
		F3A2690820F2F916009CD3C2 /* Build configuration list for PBXProject "instagram" */ = {
			isa = XCConfigurationList;
			buildConfigurations = (
				F3A2693720F2F918009CD3C2 /* Debug */,
				F3A2693820F2F918009CD3C2 /* Release */,
			);
			defaultConfigurationIsVisible = 0;
			defaultConfigurationName = Release;
		};
		F3A2693920F2F918009CD3C2 /* Build configuration list for PBXNativeTarget "instagram" */ = {
			isa = XCConfigurationList;
			buildConfigurations = (
				F3A2693A20F2F918009CD3C2 /* Debug */,
				F3A2693B20F2F918009CD3C2 /* Release */,
			);
			defaultConfigurationIsVisible = 0;
			defaultConfigurationName = Release;
		};
		F3A2693C20F2F918009CD3C2 /* Build configuration list for PBXNativeTarget "instagramTests" */ = {
			isa = XCConfigurationList;
			buildConfigurations = (
				F3A2693D20F2F918009CD3C2 /* Debug */,
				F3A2693E20F2F918009CD3C2 /* Release */,
			);
			defaultConfigurationIsVisible = 0;
			defaultConfigurationName = Release;
		};
		F3A2693F20F2F918009CD3C2 /* Build configuration list for PBXNativeTarget "instagramUITests" */ = {
			isa = XCConfigurationList;
			buildConfigurations = (
				F3A2694020F2F918009CD3C2 /* Debug */,
				F3A2694120F2F918009CD3C2 /* Release */,
			);
			defaultConfigurationIsVisible = 0;
			defaultConfigurationName = Release;
		};
/* End XCConfigurationList section */
	};
	rootObject = F3A2690520F2F916009CD3C2 /* Project object */;
}
